
Microsoft Visual Studio Solution File, Format Version 12.00
# Visual Studio Version 17
VisualStudioVersion = 17.6.33829.357
MinimumVisualStudioVersion = 10.0.40219.1
Project("{9A19103F-16F7-4668-BE54-9A1E7A4F7556}") = "BasicLambdas", "BasicLambdas.csproj", "{8B2CFA80-5CE2-4216-BABC-93597697A4EA}"
EndProject
Global
	GlobalSection(SolutionConfigurationPlatforms) = preSolution
		Debug|Any CPU = Debug|Any CPU
		Release|Any CPU = Release|Any CPU
	EndGlobalSection
	GlobalSection(ProjectConfigurationPlatforms) = postSolution
		{8B2CFA80-5CE2-4216-BABC-93597697A4EA}.Debug|Any CPU.ActiveCfg = Debug|Any CPU
		{8B2CFA80-5CE2-4216-BABC-93597697A4EA}.Debug|Any CPU.Build.0 = Debug|Any CPU
		{8B2CFA80-5CE2-4216-BABC-93597697A4EA}.Release|Any CPU.ActiveCfg = Release|Any CPU
		{8B2CFA80-5CE2-4216-BABC-93597697A4EA}.Release|Any CPU.Build.0 = Release|Any CPU
	EndGlobalSection
	GlobalSection(SolutionProperties) = preSolution
		HideSolutionNode = FALSE
	EndGlobalSection
	GlobalSection(ExtensibilityGlobals) = postSolution
		SolutionGuid = {2F5FD274-4585-461A-B888-48B3E7DBD8F5}
	EndGlobalSection
EndGlobal
